dependencies:
- name: operator
  repository: https://operator.min.io/
  version: 5.0.7
- name: kube-prometheus-stack
  repository: https://prometheus-community.github.io/helm-charts
  version: 52.0.1
- name: grafana-agent
  repository: https://grafana.github.io/helm-charts
  version: 0.27.1
- name: gateway-helm
  repository: oci://docker.io/envoyproxy
  version: v0.0.0-latest
- name: cert-manager
  repository: https://charts.jetstack.io
  version: v1.13.2
digest: sha256:70fb74084662a235dea3c8d33d03753f30694029fa9a3a319132683504e177a4
generated: "2023-11-06T17:15:18.09196Z"
