dependencies:
- name: operator
  repository: https://operator.min.io/
  version: 5.0.7
- name: kube-prometheus-stack
  repository: https://prometheus-community.github.io/helm-charts
  version: 52.0.1
- name: grafana-agent
  repository: https://grafana.github.io/helm-charts
  version: 0.27.1
- name: gateway-helm
  repository: oci://docker.io/envoyproxy
  version: v0.5.0
- name: cert-manager
  repository: https://charts.jetstack.io
  version: v1.13.2
digest: sha256:aa4ed0bff248ee7e7ba0c0c0b8440e376b31368b05376900f4c5ef6eda7b6376
generated: "2023-11-08T17:23:51.51522Z"
