dependencies:
- name: operator
  repository: https://operator.min.io/
  version: 5.0.7
- name: kube-prometheus-stack
  repository: https://prometheus-community.github.io/helm-charts
  version: 52.0.1
digest: sha256:488f95cf8e099ff11b6eb894222eb84baf077ae966ee2400a444f95f76830179
generated: "2023-10-26T18:50:00.25583+01:00"
