dependencies:
- name: hedera-explorer
  repository: ""
  version: 0.2.0
- name: hedera-mirror
  repository: https://hashgraph.github.io/hedera-mirror-node/charts
  version: 0.86.0
- name: tenant
  repository: https://operator.min.io/
  version: 5.0.7
digest: sha256:cf355b295abceb5814ef57d3e146ec9d4e8db7365a700079d683bd5f766ad374
generated: "2023-09-16T13:47:19.087992+10:00"
