dependencies:
- name: fullstack-cluster-setup
  repository: file://../fullstack-cluster-setup
  version: 0.8.0
- name: hedera-explorer
  repository: ""
  version: 0.2.0
- name: hedera-mirror
  repository: https://hashgraph.github.io/hedera-mirror-node/charts
  version: 0.86.0
- name: tenant
  repository: https://operator.min.io/
  version: 5.0.7
digest: sha256:9a0efa0e5072182ee9f074f550352dfe783b34eccedcdc93206c133df0b4f743
generated: "2023-09-20T13:08:05.601534+10:00"
