dependencies:
- name: hedera-explorer
  repository: ""
  version: 0.2.0
- name: hedera-mirror
  repository: https://hashgraph.github.io/hedera-mirror-node/charts
  version: 0.111.1
- name: tenant
  repository: https://operator.min.io/
  version: 5.0.12
- name: acme-cluster-issuer
  repository: https://swirldslabs.github.io/swirldslabs-helm-charts
  version: 0.3.1
- name: haproxy-ingress
  repository: https://haproxy-ingress.github.io/charts
  version: 0.14.5
digest: sha256:ca8cade42bbfa3211fde7112cb0998e8c7c86587c9113b10f2cbd209683113b0
generated: "2024-09-06T10:44:29.620625+01:00"
