dependencies:
- name: hedera-explorer
  repository: ""
  version: 0.2.0
- name: hedera-mirror
  repository: https://hashgraph.github.io/hedera-mirror-node/charts
  version: 0.110.1
- name: tenant
  repository: https://operator.min.io/
  version: 5.0.12
- name: acme-cluster-issuer
  repository: https://swirldslabs.github.io/swirldslabs-helm-charts
  version: 0.3.1
- name: haproxy-ingress
  repository: https://haproxy-ingress.github.io/charts
  version: 0.14.5
digest: sha256:0e6897144860871142fd0db8c0a34fc113dc66121aa50c1482e89d932d323af8
generated: "2024-08-09T12:47:26.726721+01:00"
